
Microsoft Visual Studio Solution File, Format Version 12.00
Project("{FAE04EC0-301F-11D3-BF4B-00C04F79EFBC}") = "LifecycleAwarenessForViewController", "LifecycleAwarenessForViewController\LifecycleAwarenessForViewController.csproj", "{BABEBE8E-635C-4C01-890C-2E0B7445A878}"
EndProject
Global
	GlobalSection(SolutionConfigurationPlatforms) = preSolution
		Debug|Any CPU = Debug|Any CPU
		Release|Any CPU = Release|Any CPU
	EndGlobalSection
	GlobalSection(ProjectConfigurationPlatforms) = postSolution
		{BABEBE8E-635C-4C01-890C-2E0B7445A878}.Debug|Any CPU.ActiveCfg = Debug|Any CPU
		{BABEBE8E-635C-4C01-890C-2E0B7445A878}.Debug|Any CPU.Build.0 = Debug|Any CPU
		{BABEBE8E-635C-4C01-890C-2E0B7445A878}.Release|Any CPU.ActiveCfg = Release|Any CPU
		{BABEBE8E-635C-4C01-890C-2E0B7445A878}.Release|Any CPU.Build.0 = Release|Any CPU
	EndGlobalSection
EndGlobal
